
Microsoft Visual Studio Solution File, Format Version 12.00
# Visual Studio 15
VisualStudioVersion = 15.0.27004.2010
MinimumVisualStudioVersion = 10.0.40219.1
Project("{FAE04EC0-301F-11D3-BF4B-00C04F79EFBC}") = "DotNetCoreLesVoorbeeld", "DotNetCoreLesVoorbeeld\DotNetCoreLesVoorbeeld.csproj", "{67208DB7-DDBD-4108-A87F-7F5EB074C08C}"
EndProject
Global
	GlobalSection(SolutionConfigurationPlatforms) = preSolution
		Debug|Any CPU = Debug|Any CPU
		Release|Any CPU = Release|Any CPU
	EndGlobalSection
	GlobalSection(ProjectConfigurationPlatforms) = postSolution
		{67208DB7-DDBD-4108-A87F-7F5EB074C08C}.Debug|Any CPU.ActiveCfg = Debug|Any CPU
		{67208DB7-DDBD-4108-A87F-7F5EB074C08C}.Debug|Any CPU.Build.0 = Debug|Any CPU
		{67208DB7-DDBD-4108-A87F-7F5EB074C08C}.Release|Any CPU.ActiveCfg = Release|Any CPU
		{67208DB7-DDBD-4108-A87F-7F5EB074C08C}.Release|Any CPU.Build.0 = Release|Any CPU
	EndGlobalSection
	GlobalSection(SolutionProperties) = preSolution
		HideSolutionNode = FALSE
	EndGlobalSection
	GlobalSection(ExtensibilityGlobals) = postSolution
		SolutionGuid = {100C8321-4C08-41A5-AED9-68A4EEFF8DDA}
	EndGlobalSection
EndGlobal
